
Microsoft Visual Studio Solution File, Format Version 12.00
# Visual Studio Version 16
VisualStudioVersion = 16.0.32802.440
MinimumVisualStudioVersion = 10.0.40219.1
Project("{FAE04EC0-301F-11D3-BF4B-00C04F79EFBC}") = "Lab4", "Lab4\Lab4.csproj", "{16F55B2E-FF53-48B8-B495-9C86090E8549}"
EndProject
Global
	GlobalSection(SolutionConfigurationPlatforms) = preSolution
		Debug|Any CPU = Debug|Any CPU
		Release|Any CPU = Release|Any CPU
	EndGlobalSection
	GlobalSection(ProjectConfigurationPlatforms) = postSolution
		{16F55B2E-FF53-48B8-B495-9C86090E8549}.Debug|Any CPU.ActiveCfg = Debug|Any CPU
		{16F55B2E-FF53-48B8-B495-9C86090E8549}.Debug|Any CPU.Build.0 = Debug|Any CPU
		{16F55B2E-FF53-48B8-B495-9C86090E8549}.Release|Any CPU.ActiveCfg = Release|Any CPU
		{16F55B2E-FF53-48B8-B495-9C86090E8549}.Release|Any CPU.Build.0 = Release|Any CPU
	EndGlobalSection
	GlobalSection(SolutionProperties) = preSolution
		HideSolutionNode = FALSE
	EndGlobalSection
	GlobalSection(ExtensibilityGlobals) = postSolution
		SolutionGuid = {75216AC3-9E41-49D8-B2A8-91AAB4DFA51C}
	EndGlobalSection
EndGlobal
