
Microsoft Visual Studio Solution File, Format Version 12.00
# Visual Studio Version 17
VisualStudioVersion = 17.2.32630.192
MinimumVisualStudioVersion = 10.0.40219.1
Project("{FAE04EC0-301F-11D3-BF4B-00C04F79EFBC}") = "ProductApp", "ProductApp.csproj", "{66196407-5FD3-49ED-A6FD-8FC1D3FD6402}"
EndProject
Global
	GlobalSection(SolutionConfigurationPlatforms) = preSolution
		Debug|Any CPU = Debug|Any CPU
		Release|Any CPU = Release|Any CPU
	EndGlobalSection
	GlobalSection(ProjectConfigurationPlatforms) = postSolution
		{66196407-5FD3-49ED-A6FD-8FC1D3FD6402}.Debug|Any CPU.ActiveCfg = Debug|Any CPU
		{66196407-5FD3-49ED-A6FD-8FC1D3FD6402}.Debug|Any CPU.Build.0 = Debug|Any CPU
		{66196407-5FD3-49ED-A6FD-8FC1D3FD6402}.Release|Any CPU.ActiveCfg = Release|Any CPU
		{66196407-5FD3-49ED-A6FD-8FC1D3FD6402}.Release|Any CPU.Build.0 = Release|Any CPU
	EndGlobalSection
	GlobalSection(SolutionProperties) = preSolution
		HideSolutionNode = FALSE
	EndGlobalSection
	GlobalSection(ExtensibilityGlobals) = postSolution
		SolutionGuid = {C818E27C-6A71-404A-BBA0-2C37F814FBDB}
	EndGlobalSection
EndGlobal
