
Microsoft Visual Studio Solution File, Format Version 12.00
# Visual Studio Version 17
VisualStudioVersion = 17.2.32630.192
MinimumVisualStudioVersion = 10.0.40219.1
Project("{FAE04EC0-301F-11D3-BF4B-00C04F79EFBC}") = "Lap1-part2-out", "Lap1-part2-out\Lap1-part2-out.csproj", "{245F7BFE-472A-4E21-BBB9-2890651C386B}"
EndProject
Global
	GlobalSection(SolutionConfigurationPlatforms) = preSolution
		Debug|Any CPU = Debug|Any CPU
		Release|Any CPU = Release|Any CPU
	EndGlobalSection
	GlobalSection(ProjectConfigurationPlatforms) = postSolution
		{245F7BFE-472A-4E21-BBB9-2890651C386B}.Debug|Any CPU.ActiveCfg = Debug|Any CPU
		{245F7BFE-472A-4E21-BBB9-2890651C386B}.Debug|Any CPU.Build.0 = Debug|Any CPU
		{245F7BFE-472A-4E21-BBB9-2890651C386B}.Release|Any CPU.ActiveCfg = Release|Any CPU
		{245F7BFE-472A-4E21-BBB9-2890651C386B}.Release|Any CPU.Build.0 = Release|Any CPU
	EndGlobalSection
	GlobalSection(SolutionProperties) = preSolution
		HideSolutionNode = FALSE
	EndGlobalSection
	GlobalSection(ExtensibilityGlobals) = postSolution
		SolutionGuid = {1A3D4709-9055-45EB-85AA-97C22423AA05}
	EndGlobalSection
EndGlobal
